
Microsoft Visual Studio Solution File, Format Version 12.00
# Visual Studio 2013
VisualStudioVersion = 12.0.40629.0
MinimumVisualStudioVersion = 10.0.40219.1
Project("{FAE04EC0-301F-11D3-BF4B-00C04F79EFBC}") = "WebJobsDemo", "WebJobsDemo\WebJobsDemo.csproj", "{FD3515D3-ACD2-49B3-935C-66776DEEEB73}"
EndProject
Project("{FAE04EC0-301F-11D3-BF4B-00C04F79EFBC}") = "WebJobsDemo.Tests", "WebJobsDemo.Tests\WebJobsDemo.Tests.csproj", "{043FC1D1-CF8F-4747-9F1D-E47589DBA73B}"
EndProject
Project("{FAE04EC0-301F-11D3-BF4B-00C04F79EFBC}") = "FetchQueueJob", "FetchQueueJob\FetchQueueJob.csproj", "{647E0732-4C98-4062-B4AE-49B78396918A}"
EndProject
Global
	GlobalSection(SolutionConfigurationPlatforms) = preSolution
		Debug|Any CPU = Debug|Any CPU
		Release|Any CPU = Release|Any CPU
	EndGlobalSection
	GlobalSection(ProjectConfigurationPlatforms) = postSolution
		{FD3515D3-ACD2-49B3-935C-66776DEEEB73}.Debug|Any CPU.ActiveCfg = Debug|Any CPU
		{FD3515D3-ACD2-49B3-935C-66776DEEEB73}.Debug|Any CPU.Build.0 = Debug|Any CPU
		{FD3515D3-ACD2-49B3-935C-66776DEEEB73}.Release|Any CPU.ActiveCfg = Release|Any CPU
		{FD3515D3-ACD2-49B3-935C-66776DEEEB73}.Release|Any CPU.Build.0 = Release|Any CPU
		{043FC1D1-CF8F-4747-9F1D-E47589DBA73B}.Debug|Any CPU.ActiveCfg = Debug|Any CPU
		{043FC1D1-CF8F-4747-9F1D-E47589DBA73B}.Debug|Any CPU.Build.0 = Debug|Any CPU
		{043FC1D1-CF8F-4747-9F1D-E47589DBA73B}.Release|Any CPU.ActiveCfg = Release|Any CPU
		{043FC1D1-CF8F-4747-9F1D-E47589DBA73B}.Release|Any CPU.Build.0 = Release|Any CPU
		{647E0732-4C98-4062-B4AE-49B78396918A}.Debug|Any CPU.ActiveCfg = Debug|Any CPU
		{647E0732-4C98-4062-B4AE-49B78396918A}.Debug|Any CPU.Build.0 = Debug|Any CPU
		{647E0732-4C98-4062-B4AE-49B78396918A}.Release|Any CPU.ActiveCfg = Release|Any CPU
		{647E0732-4C98-4062-B4AE-49B78396918A}.Release|Any CPU.Build.0 = Release|Any CPU
	EndGlobalSection
	GlobalSection(SolutionProperties) = preSolution
		HideSolutionNode = FALSE
	EndGlobalSection
EndGlobal
